// !$*UTF8*$!
{
	archiveVersion = 1;
	classes = {
	};
	objectVersion = 56;
	objects = {

/* Begin PBXBuildFile section */
		BB0008542A3793D0001677DD /* FavItemEditView.swift in Sources */ = {isa = PBXBuildFile; fileRef = BB0008532A3793D0001677DD /* FavItemEditView.swift */; };
		BB0008572A37B6E1001677DD /* Localizable.strings in Resources */ = {isa = PBXBuildFile; fileRef = BB0008592A37B6E1001677DD /* Localizable.strings */; };
		BB1173212AA6BAD3006B2B08 /* FavsList.swift in Sources */ = {isa = PBXBuildFile; fileRef = BB1173202AA6BAD3006B2B08 /* FavsList.swift */; };
		BB1173232AA6BB2F006B2B08 /* ToRoot.swift in Sources */ = {isa = PBXBuildFile; fileRef = BB1173222AA6BB2F006B2B08 /* ToRoot.swift */; };
		BB1173252AA6BB58006B2B08 /* SettingView.swift in Sources */ = {isa = PBXBuildFile; fileRef = BB1173242AA6BB58006B2B08 /* SettingView.swift */; };
		BB1173282AA6BC78006B2B08 /* TagView.swift in Sources */ = {isa = PBXBuildFile; fileRef = BB1173272AA6BC78006B2B08 /* TagView.swift */; };
		BB11732A2AA6BC98006B2B08 /* SelectedTagRow.swift in Sources */ = {isa = PBXBuildFile; fileRef = BB1173292AA6BC98006B2B08 /* SelectedTagRow.swift */; };
		BB11732C2AA6BCC1006B2B08 /* Tag.swift in Sources */ = {isa = PBXBuildFile; fileRef = BB11732B2AA6BCC1006B2B08 /* Tag.swift */; };
		BB11732E2AA6BCDB006B2B08 /* TagsList.swift in Sources */ = {isa = PBXBuildFile; fileRef = BB11732D2AA6BCDB006B2B08 /* TagsList.swift */; };
		BB1173302AA6BD03006B2B08 /* TagPool.swift in Sources */ = {isa = PBXBuildFile; fileRef = BB11732F2AA6BD03006B2B08 /* TagPool.swift */; };
		BB1173322AA6BD1B006B2B08 /* NormalTagRow.swift in Sources */ = {isa = PBXBuildFile; fileRef = BB1173312AA6BD1B006B2B08 /* NormalTagRow.swift */; };
		BB13C7542A366DAD005976B9 /* Note.txt in Resources */ = {isa = PBXBuildFile; fileRef = BB13C7532A366DAD005976B9 /* Note.txt */; };
		BB13C75E2A369B7B005976B9 /* CategoryEditView.swift in Sources */ = {isa = PBXBuildFile; fileRef = BB13C75D2A369B7B005976B9 /* CategoryEditView.swift */; };
		BB13C7622A36A847005976B9 /* NewFavItemSheet.swift in Sources */ = {isa = PBXBuildFile; fileRef = BB13C7612A36A847005976B9 /* NewFavItemSheet.swift */; };
		BB13C7662A36D4F5005976B9 /* FavCategoryColors.swift in Sources */ = {isa = PBXBuildFile; fileRef = BB13C7652A36D4F5005976B9 /* FavCategoryColors.swift */; };
		BB7F5C232A6F277600A0FD20 /* FavItemRow.swift in Sources */ = {isa = PBXBuildFile; fileRef = BB7F5C222A6F277600A0FD20 /* FavItemRow.swift */; };
		BB9CFB882A9C5D4B0007DCF1 /* SortOption.swift in Sources */ = {isa = PBXBuildFile; fileRef = BB9CFB872A9C5D4B0007DCF1 /* SortOption.swift */; };
		BBC2B78A2A3D935900CB72EB /* ItemSearchView.swift in Sources */ = {isa = PBXBuildFile; fileRef = BBC2B7892A3D935900CB72EB /* ItemSearchView.swift */; };
		BBE2BEB92A31942300564536 /* My_Favs_App.swift in Sources */ = {isa = PBXBuildFile; fileRef = BBE2BEB82A31942300564536 /* My_Favs_App.swift */; };
		BBE2BEBD2A31942400564536 /* Assets.xcassets in Resources */ = {isa = PBXBuildFile; fileRef = BBE2BEBC2A31942400564536 /* Assets.xcassets */; };
		BBE2BEC02A31942400564536 /* Preview Assets.xcassets in Resources */ = {isa = PBXBuildFile; fileRef = BBE2BEBF2A31942400564536 /* Preview Assets.xcassets */; };
		BBE2BEC22A31942400564536 /* Persistence.swift in Sources */ = {isa = PBXBuildFile; fileRef = BBE2BEC12A31942400564536 /* Persistence.swift */; };
		BBE2BEC52A31942400564536 /* My_Favs_.xcdatamodeld in Sources */ = {isa = PBXBuildFile; fileRef = BBE2BEC32A31942400564536 /* My_Favs_.xcdatamodeld */; };
		BBE2BECC2A31ADD500564536 /* FavItem.swift in Sources */ = {isa = PBXBuildFile; fileRef = BBE2BECB2A31ADD500564536 /* FavItem.swift */; };
		BBE2BECE2A31B03300564536 /* FavCategory.swift in Sources */ = {isa = PBXBuildFile; fileRef = BBE2BECD2A31B03300564536 /* FavCategory.swift */; };
		BBE2BED52A31BCAD00564536 /* CategoryRow.swift in Sources */ = {isa = PBXBuildFile; fileRef = BBE2BED42A31BCAD00564536 /* CategoryRow.swift */; };
		BBE2BEDB2A31CCF300564536 /* NewCategorySheet.swift in Sources */ = {isa = PBXBuildFile; fileRef = BBE2BEDA2A31CCF200564536 /* NewCategorySheet.swift */; };
		BBE2BEE12A32501400564536 /* FavItemView.swift in Sources */ = {isa = PBXBuildFile; fileRef = BBE2BEE02A32501400564536 /* FavItemView.swift */; };
		BBE2BEE52A326A7400564536 /* FavItemDetailView.swift in Sources */ = {isa = PBXBuildFile; fileRef = BBE2BEE42A326A7400564536 /* FavItemDetailView.swift */; };
		BBEC0BCE2A9D8FCC00566F04 /* SQLite in Frameworks */ = {isa = PBXBuildFile; productRef = BBEC0BCD2A9D8FCC00566F04 /* SQLite */; };
		BBEC0BD02AA0835D00566F04 /* FavCategoryList.swift in Sources */ = {isa = PBXBuildFile; fileRef = BBEC0BCF2AA0835C00566F04 /* FavCategoryList.swift */; };
		BBF01D932A5E43EB00B1E8AE /* HomeView.swift in Sources */ = {isa = PBXBuildFile; fileRef = BBF01D922A5E43EB00B1E8AE /* HomeView.swift */; };
		BBF01DA52A5F5ACA00B1E8AE /* SQLiteDB.swift in Sources */ = {isa = PBXBuildFile; fileRef = BBF01DA42A5F5ACA00B1E8AE /* SQLiteDB.swift */; };
/* End PBXBuildFile section */

/* Begin PBXFileReference section */
		BB0008532A3793D0001677DD /* FavItemEditView.swift */ = {isa = PBXFileReference; lastKnownFileType = sourcecode.swift; path = FavItemEditView.swift; sourceTree = "<group>"; };
		BB0008582A37B6E1001677DD /* ja */ = {isa = PBXFileReference; lastKnownFileType = text.plist.strings; name = ja; path = ja.lproj/Localizable.strings; sourceTree = "<group>"; };
		BB1173202AA6BAD3006B2B08 /* FavsList.swift */ = {isa = PBXFileReference; lastKnownFileType = sourcecode.swift; path = FavsList.swift; sourceTree = "<group>"; };
		BB1173222AA6BB2F006B2B08 /* ToRoot.swift */ = {isa = PBXFileReference; lastKnownFileType = sourcecode.swift; path = ToRoot.swift; sourceTree = "<group>"; };
		BB1173242AA6BB58006B2B08 /* SettingView.swift */ = {isa = PBXFileReference; lastKnownFileType = sourcecode.swift; path = SettingView.swift; sourceTree = "<group>"; };
		BB1173272AA6BC78006B2B08 /* TagView.swift */ = {isa = PBXFileReference; lastKnownFileType = sourcecode.swift; path = TagView.swift; sourceTree = "<group>"; };
		BB1173292AA6BC98006B2B08 /* SelectedTagRow.swift */ = {isa = PBXFileReference; lastKnownFileType = sourcecode.swift; path = SelectedTagRow.swift; sourceTree = "<group>"; };
		BB11732B2AA6BCC1006B2B08 /* Tag.swift */ = {isa = PBXFileReference; lastKnownFileType = sourcecode.swift; path = Tag.swift; sourceTree = "<group>"; };
		BB11732D2AA6BCDB006B2B08 /* TagsList.swift */ = {isa = PBXFileReference; lastKnownFileType = sourcecode.swift; path = TagsList.swift; sourceTree = "<group>"; };
		BB11732F2AA6BD03006B2B08 /* TagPool.swift */ = {isa = PBXFileReference; lastKnownFileType = sourcecode.swift; path = TagPool.swift; sourceTree = "<group>"; };
		BB1173312AA6BD1B006B2B08 /* NormalTagRow.swift */ = {isa = PBXFileReference; lastKnownFileType = sourcecode.swift; path = NormalTagRow.swift; sourceTree = "<group>"; };
		BB13C7532A366DAD005976B9 /* Note.txt */ = {isa = PBXFileReference; lastKnownFileType = text; path = Note.txt; sourceTree = "<group>"; };
		BB13C75D2A369B7B005976B9 /* CategoryEditView.swift */ = {isa = PBXFileReference; lastKnownFileType = sourcecode.swift; path = CategoryEditView.swift; sourceTree = "<group>"; };
		BB13C7612A36A847005976B9 /* NewFavItemSheet.swift */ = {isa = PBXFileReference; lastKnownFileType = sourcecode.swift; path = NewFavItemSheet.swift; sourceTree = "<group>"; };
		BB13C7652A36D4F5005976B9 /* FavCategoryColors.swift */ = {isa = PBXFileReference; lastKnownFileType = sourcecode.swift; path = FavCategoryColors.swift; sourceTree = "<group>"; };
		BB7F5C222A6F277600A0FD20 /* FavItemRow.swift */ = {isa = PBXFileReference; lastKnownFileType = sourcecode.swift; path = FavItemRow.swift; sourceTree = "<group>"; };
		BB9CFB872A9C5D4B0007DCF1 /* SortOption.swift */ = {isa = PBXFileReference; lastKnownFileType = sourcecode.swift; path = SortOption.swift; sourceTree = "<group>"; };
		BBC2B7892A3D935900CB72EB /* ItemSearchView.swift */ = {isa = PBXFileReference; lastKnownFileType = sourcecode.swift; path = ItemSearchView.swift; sourceTree = "<group>"; };
		BBE2BEB52A31942300564536 /* My Favs!.app */ = {isa = PBXFileReference; explicitFileType = wrapper.application; includeInIndex = 0; path = "My Favs!.app"; sourceTree = BUILT_PRODUCTS_DIR; };
		BBE2BEB82A31942300564536 /* My_Favs_App.swift */ = {isa = PBXFileReference; lastKnownFileType = sourcecode.swift; path = My_Favs_App.swift; sourceTree = "<group>"; };
		BBE2BEBC2A31942400564536 /* Assets.xcassets */ = {isa = PBXFileReference; lastKnownFileType = folder.assetcatalog; path = Assets.xcassets; sourceTree = "<group>"; };
		BBE2BEBF2A31942400564536 /* Preview Assets.xcassets */ = {isa = PBXFileReference; lastKnownFileType = folder.assetcatalog; path = "Preview Assets.xcassets"; sourceTree = "<group>"; };
		BBE2BEC12A31942400564536 /* Persistence.swift */ = {isa = PBXFileReference; lastKnownFileType = sourcecode.swift; path = Persistence.swift; sourceTree = "<group>"; };
		BBE2BEC42A31942400564536 /* My_Fevs_.xcdatamodel */ = {isa = PBXFileReference; lastKnownFileType = wrapper.xcdatamodel; path = My_Fevs_.xcdatamodel; sourceTree = "<group>"; };
		BBE2BECB2A31ADD500564536 /* FavItem.swift */ = {isa = PBXFileReference; lastKnownFileType = sourcecode.swift; path = FavItem.swift; sourceTree = "<group>"; };
		BBE2BECD2A31B03300564536 /* FavCategory.swift */ = {isa = PBXFileReference; lastKnownFileType = sourcecode.swift; path = FavCategory.swift; sourceTree = "<group>"; };
		BBE2BED42A31BCAD00564536 /* CategoryRow.swift */ = {isa = PBXFileReference; lastKnownFileType = sourcecode.swift; path = CategoryRow.swift; sourceTree = "<group>"; };
		BBE2BEDA2A31CCF200564536 /* NewCategorySheet.swift */ = {isa = PBXFileReference; lastKnownFileType = sourcecode.swift; path = NewCategorySheet.swift; sourceTree = "<group>"; };
		BBE2BEE02A32501400564536 /* FavItemView.swift */ = {isa = PBXFileReference; lastKnownFileType = sourcecode.swift; path = FavItemView.swift; sourceTree = "<group>"; };
		BBE2BEE42A326A7400564536 /* FavItemDetailView.swift */ = {isa = PBXFileReference; lastKnownFileType = sourcecode.swift; path = FavItemDetailView.swift; sourceTree = "<group>"; };
		BBEC0BCF2AA0835C00566F04 /* FavCategoryList.swift */ = {isa = PBXFileReference; lastKnownFileType = sourcecode.swift; path = FavCategoryList.swift; sourceTree = "<group>"; };
		BBF01D922A5E43EB00B1E8AE /* HomeView.swift */ = {isa = PBXFileReference; lastKnownFileType = sourcecode.swift; path = HomeView.swift; sourceTree = "<group>"; };
		BBF01DA42A5F5ACA00B1E8AE /* SQLiteDB.swift */ = {isa = PBXFileReference; lastKnownFileType = sourcecode.swift; path = SQLiteDB.swift; sourceTree = "<group>"; };
/* End PBXFileReference section */

/* Begin PBXFrameworksBuildPhase section */
		BBE2BEB22A31942300564536 /* Frameworks */ = {
			isa = PBXFrameworksBuildPhase;
			buildActionMask = 2147483647;
			files = (
				BBEC0BCE2A9D8FCC00566F04 /* SQLite in Frameworks */,
			);
			runOnlyForDeploymentPostprocessing = 0;
		};
/* End PBXFrameworksBuildPhase section */

/* Begin PBXGroup section */
		BB1173262AA6BC5D006B2B08 /* Tag */ = {
			isa = PBXGroup;
			children = (
				BB1173272AA6BC78006B2B08 /* TagView.swift */,
				BB1173292AA6BC98006B2B08 /* SelectedTagRow.swift */,
				BB11732F2AA6BD03006B2B08 /* TagPool.swift */,
				BB1173312AA6BD1B006B2B08 /* NormalTagRow.swift */,
			);
			path = Tag;
			sourceTree = "<group>";
		};
		BB9CFB8D2A9C9DB20007DCF1 /* FavItem */ = {
			isa = PBXGroup;
			children = (
				BBE2BEE02A32501400564536 /* FavItemView.swift */,
				BB13C7612A36A847005976B9 /* NewFavItemSheet.swift */,
				BBE2BEE42A326A7400564536 /* FavItemDetailView.swift */,
				BB0008532A3793D0001677DD /* FavItemEditView.swift */,
				BB7F5C222A6F277600A0FD20 /* FavItemRow.swift */,
			);
			path = FavItem;
			sourceTree = "<group>";
		};
		BB9CFB8E2A9C9DBE0007DCF1 /* FavCategory */ = {
			isa = PBXGroup;
			children = (
				BB13C75D2A369B7B005976B9 /* CategoryEditView.swift */,
				BBE2BEDA2A31CCF200564536 /* NewCategorySheet.swift */,
				BBE2BED42A31BCAD00564536 /* CategoryRow.swift */,
			);
			path = FavCategory;
			sourceTree = "<group>";
		};
		BBE2BEAC2A31942300564536 = {
			isa = PBXGroup;
			children = (
				BBE2BEB72A31942300564536 /* My Favs! */,
				BBE2BEB62A31942300564536 /* Products */,
			);
			sourceTree = "<group>";
		};
		BBE2BEB62A31942300564536 /* Products */ = {
			isa = PBXGroup;
			children = (
				BBE2BEB52A31942300564536 /* My Favs!.app */,
			);
			name = Products;
			sourceTree = "<group>";
		};
		BBE2BEB72A31942300564536 /* My Favs! */ = {
			isa = PBXGroup;
			children = (
				BBE2BED32A31B5D600564536 /* Views */,
				BBE2BED22A31B5B400564536 /* Database */,
				BBE2BED12A31B3C700564536 /* Models */,
				BBE2BEB82A31942300564536 /* My_Favs_App.swift */,
				BBE2BEBC2A31942400564536 /* Assets.xcassets */,
				BBE2BEC12A31942400564536 /* Persistence.swift */,
				BBE2BEC32A31942400564536 /* My_Favs_.xcdatamodeld */,
				BBE2BEBE2A31942400564536 /* Preview Content */,
				BB13C7532A366DAD005976B9 /* Note.txt */,
				BB0008592A37B6E1001677DD /* Localizable.strings */,
			);
			path = "My Favs!";
			sourceTree = "<group>";
		};
		BBE2BEBE2A31942400564536 /* Preview Content */ = {
			isa = PBXGroup;
			children = (
				BBE2BEBF2A31942400564536 /* Preview Assets.xcassets */,
			);
			path = "Preview Content";
			sourceTree = "<group>";
		};
		BBE2BED12A31B3C700564536 /* Models */ = {
			isa = PBXGroup;
			children = (
				BBE2BECD2A31B03300564536 /* FavCategory.swift */,
				BBE2BECB2A31ADD500564536 /* FavItem.swift */,
				BB13C7652A36D4F5005976B9 /* FavCategoryColors.swift */,
				BB9CFB872A9C5D4B0007DCF1 /* SortOption.swift */,
				BBEC0BCF2AA0835C00566F04 /* FavCategoryList.swift */,
				BB1173202AA6BAD3006B2B08 /* FavsList.swift */,
				BB11732B2AA6BCC1006B2B08 /* Tag.swift */,
				BB11732D2AA6BCDB006B2B08 /* TagsList.swift */,
			);
			path = Models;
			sourceTree = "<group>";
		};
		BBE2BED22A31B5B400564536 /* Database */ = {
			isa = PBXGroup;
			children = (
				BBF01DA42A5F5ACA00B1E8AE /* SQLiteDB.swift */,
			);
			path = Database;
			sourceTree = "<group>";
		};
		BBE2BED32A31B5D600564536 /* Views */ = {
			isa = PBXGroup;
			children = (
				BBF01D922A5E43EB00B1E8AE /* HomeView.swift */,
				BB1173222AA6BB2F006B2B08 /* ToRoot.swift */,
				BB1173242AA6BB58006B2B08 /* SettingView.swift */,
				BBC2B7892A3D935900CB72EB /* ItemSearchView.swift */,
				BB1173262AA6BC5D006B2B08 /* Tag */,
				BB9CFB8E2A9C9DBE0007DCF1 /* FavCategory */,
				BB9CFB8D2A9C9DB20007DCF1 /* FavItem */,
			);
			path = Views;
			sourceTree = "<group>";
		};
/* End PBXGroup section */

/* Begin PBXNativeTarget section */
		BBE2BEB42A31942300564536 /* My Favs! */ = {
			isa = PBXNativeTarget;
			buildConfigurationList = BBE2BEC82A31942400564536 /* Build configuration list for PBXNativeTarget "My Favs!" */;
			buildPhases = (
				BBE2BEB12A31942300564536 /* Sources */,
				BBE2BEB22A31942300564536 /* Frameworks */,
				BBE2BEB32A31942300564536 /* Resources */,
			);
			buildRules = (
			);
			dependencies = (
			);
			name = "My Favs!";
			packageProductDependencies = (
				BBEC0BCD2A9D8FCC00566F04 /* SQLite */,
			);
			productName = "My Fevs!";
			productReference = BBE2BEB52A31942300564536 /* My Favs!.app */;
			productType = "com.apple.product-type.application";
		};
/* End PBXNativeTarget section */

/* Begin PBXProject section */
		BBE2BEAD2A31942300564536 /* Project object */ = {
			isa = PBXProject;
			attributes = {
				BuildIndependentTargetsInParallel = 1;
				LastSwiftUpdateCheck = 1430;
				LastUpgradeCheck = 1430;
				TargetAttributes = {
					BBE2BEB42A31942300564536 = {
						CreatedOnToolsVersion = 14.3.1;
					};
				};
			};
			buildConfigurationList = BBE2BEB02A31942300564536 /* Build configuration list for PBXProject "My Favs!" */;
			compatibilityVersion = "Xcode 14.0";
			developmentRegion = en;
			hasScannedForEncodings = 0;
			knownRegions = (
				en,
				Base,
				ja,
			);
			mainGroup = BBE2BEAC2A31942300564536;
			packageReferences = (
				BBEC0BCC2A9D8FCC00566F04 /* XCRemoteSwiftPackageReference "SQLite" */,
			);
			productRefGroup = BBE2BEB62A31942300564536 /* Products */;
			projectDirPath = "";
			projectRoot = "";
			targets = (
				BBE2BEB42A31942300564536 /* My Favs! */,
			);
		};
/* End PBXProject section */

/* Begin PBXResourcesBuildPhase section */
		BBE2BEB32A31942300564536 /* Resources */ = {
			isa = PBXResourcesBuildPhase;
			buildActionMask = 2147483647;
			files = (
				BBE2BEC02A31942400564536 /* Preview Assets.xcassets in Resources */,
				BB0008572A37B6E1001677DD /* Localizable.strings in Resources */,
				BBE2BEBD2A31942400564536 /* Assets.xcassets in Resources */,
				BB13C7542A366DAD005976B9 /* Note.txt in Resources */,
			);
			runOnlyForDeploymentPostprocessing = 0;
		};
/* End PBXResourcesBuildPhase section */

/* Begin PBXSourcesBuildPhase section */
		BBE2BEB12A31942300564536 /* Sources */ = {
			isa = PBXSourcesBuildPhase;
			buildActionMask = 2147483647;
			files = (
				BB11732E2AA6BCDB006B2B08 /* TagsList.swift in Sources */,
				BB13C7622A36A847005976B9 /* NewFavItemSheet.swift in Sources */,
				BBC2B78A2A3D935900CB72EB /* ItemSearchView.swift in Sources */,
				BB13C75E2A369B7B005976B9 /* CategoryEditView.swift in Sources */,
				BB11732A2AA6BC98006B2B08 /* SelectedTagRow.swift in Sources */,
				BBE2BEC22A31942400564536 /* Persistence.swift in Sources */,
				BBE2BEC52A31942400564536 /* My_Favs_.xcdatamodeld in Sources */,
				BB1173232AA6BB2F006B2B08 /* ToRoot.swift in Sources */,
				BB1173322AA6BD1B006B2B08 /* NormalTagRow.swift in Sources */,
				BBF01DA52A5F5ACA00B1E8AE /* SQLiteDB.swift in Sources */,
				BB0008542A3793D0001677DD /* FavItemEditView.swift in Sources */,
				BBEC0BD02AA0835D00566F04 /* FavCategoryList.swift in Sources */,
				BBE2BEB92A31942300564536 /* My_Favs_App.swift in Sources */,
				BBE2BEE12A32501400564536 /* FavItemView.swift in Sources */,
				BBE2BEDB2A31CCF300564536 /* NewCategorySheet.swift in Sources */,
				BB1173212AA6BAD3006B2B08 /* FavsList.swift in Sources */,
				BB1173302AA6BD03006B2B08 /* TagPool.swift in Sources */,
				BB9CFB882A9C5D4B0007DCF1 /* SortOption.swift in Sources */,
				BBE2BECE2A31B03300564536 /* FavCategory.swift in Sources */,
				BBF01D932A5E43EB00B1E8AE /* HomeView.swift in Sources */,
				BB7F5C232A6F277600A0FD20 /* FavItemRow.swift in Sources */,
				BB1173282AA6BC78006B2B08 /* TagView.swift in Sources */,
				BBE2BEE52A326A7400564536 /* FavItemDetailView.swift in Sources */,
				BB1173252AA6BB58006B2B08 /* SettingView.swift in Sources */,
				BB11732C2AA6BCC1006B2B08 /* Tag.swift in Sources */,
				BBE2BECC2A31ADD500564536 /* FavItem.swift in Sources */,
				BBE2BED52A31BCAD00564536 /* CategoryRow.swift in Sources */,
				BB13C7662A36D4F5005976B9 /* FavCategoryColors.swift in Sources */,
			);
			runOnlyForDeploymentPostprocessing = 0;
		};
/* End PBXSourcesBuildPhase section */

/* Begin PBXVariantGroup section */
		BB0008592A37B6E1001677DD /* Localizable.strings */ = {
			isa = PBXVariantGroup;
			children = (
				BB0008582A37B6E1001677DD /* ja */,
			);
			name = Localizable.strings;
			sourceTree = "<group>";
		};
/* End PBXVariantGroup section */

/* Begin XCBuildConfiguration section */
		BBE2BEC62A31942400564536 /* Debug */ = {
			isa = XCBuildConfiguration;
			buildSettings = {
				ALWAYS_SEARCH_USER_PATHS = NO;
				CLANG_ANALYZER_NONNULL = YES;
				CLANG_ANALYZER_NUMBER_OBJECT_CONVERSION = YES_AGGRESSIVE;
				CLANG_CXX_LANGUAGE_STANDARD = "gnu++20";
				CLANG_ENABLE_MODULES = YES;
				CLANG_ENABLE_OBJC_ARC = YES;
				CLANG_ENABLE_OBJC_WEAK = YES;
				CLANG_WARN_BLOCK_CAPTURE_AUTORELEASING = YES;
				CLANG_WARN_BOOL_CONVERSION = YES;
				CLANG_WARN_COMMA = YES;
				CLANG_WARN_CONSTANT_CONVERSION = YES;
				CLANG_WARN_DEPRECATED_OBJC_IMPLEMENTATIONS = YES;
				CLANG_WARN_DIRECT_OBJC_ISA_USAGE = YES_ERROR;
				CLANG_WARN_DOCUMENTATION_COMMENTS = YES;
				CLANG_WARN_EMPTY_BODY = YES;
				CLANG_WARN_ENUM_CONVERSION = YES;
				CLANG_WARN_INFINITE_RECURSION = YES;
				CLANG_WARN_INT_CONVERSION = YES;
				CLANG_WARN_NON_LITERAL_NULL_CONVERSION = YES;
				CLANG_WARN_OBJC_IMPLICIT_RETAIN_SELF = YES;
				CLANG_WARN_OBJC_LITERAL_CONVERSION = YES;
				CLANG_WARN_OBJC_ROOT_CLASS = YES_ERROR;
				CLANG_WARN_QUOTED_INCLUDE_IN_FRAMEWORK_HEADER = YES;
				CLANG_WARN_RANGE_LOOP_ANALYSIS = YES;
				CLANG_WARN_STRICT_PROTOTYPES = YES;
				CLANG_WARN_SUSPICIOUS_MOVE = YES;
				CLANG_WARN_UNGUARDED_AVAILABILITY = YES_AGGRESSIVE;
				CLANG_WARN_UNREACHABLE_CODE = YES;
				CLANG_WARN__DUPLICATE_METHOD_MATCH = YES;
				COPY_PHASE_STRIP = NO;
				DEBUG_INFORMATION_FORMAT = dwarf;
				ENABLE_STRICT_OBJC_MSGSEND = YES;
				ENABLE_TESTABILITY = YES;
				GCC_C_LANGUAGE_STANDARD = gnu11;
				GCC_DYNAMIC_NO_PIC = NO;
				GCC_NO_COMMON_BLOCKS = YES;
				GCC_OPTIMIZATION_LEVEL = 0;
				GCC_PREPROCESSOR_DEFINITIONS = (
					"DEBUG=1",
					"$(inherited)",
				);
				GCC_WARN_64_TO_32_BIT_CONVERSION = YES;
				GCC_WARN_ABOUT_RETURN_TYPE = YES_ERROR;
				GCC_WARN_UNDECLARED_SELECTOR = YES;
				GCC_WARN_UNINITIALIZED_AUTOS = YES_AGGRESSIVE;
				GCC_WARN_UNUSED_FUNCTION = YES;
				GCC_WARN_UNUSED_VARIABLE = YES;
				IPHONEOS_DEPLOYMENT_TARGET = 16.4;
				MTL_ENABLE_DEBUG_INFO = INCLUDE_SOURCE;
				MTL_FAST_MATH = YES;
				ONLY_ACTIVE_ARCH = YES;
				SDKROOT = iphoneos;
				SWIFT_ACTIVE_COMPILATION_CONDITIONS = DEBUG;
				SWIFT_OPTIMIZATION_LEVEL = "-Onone";
			};
			name = Debug;
		};
		BBE2BEC72A31942400564536 /* Release */ = {
			isa = XCBuildConfiguration;
			buildSettings = {
				ALWAYS_SEARCH_USER_PATHS = NO;
				CLANG_ANALYZER_NONNULL = YES;
				CLANG_ANALYZER_NUMBER_OBJECT_CONVERSION = YES_AGGRESSIVE;
				CLANG_CXX_LANGUAGE_STANDARD = "gnu++20";
				CLANG_ENABLE_MODULES = YES;
				CLANG_ENABLE_OBJC_ARC = YES;
				CLANG_ENABLE_OBJC_WEAK = YES;
				CLANG_WARN_BLOCK_CAPTURE_AUTORELEASING = YES;
				CLANG_WARN_BOOL_CONVERSION = YES;
				CLANG_WARN_COMMA = YES;
				CLANG_WARN_CONSTANT_CONVERSION = YES;
				CLANG_WARN_DEPRECATED_OBJC_IMPLEMENTATIONS = YES;
				CLANG_WARN_DIRECT_OBJC_ISA_USAGE = YES_ERROR;
				CLANG_WARN_DOCUMENTATION_COMMENTS = YES;
				CLANG_WARN_EMPTY_BODY = YES;
				CLANG_WARN_ENUM_CONVERSION = YES;
				CLANG_WARN_INFINITE_RECURSION = YES;
				CLANG_WARN_INT_CONVERSION = YES;
				CLANG_WARN_NON_LITERAL_NULL_CONVERSION = YES;
				CLANG_WARN_OBJC_IMPLICIT_RETAIN_SELF = YES;
				CLANG_WARN_OBJC_LITERAL_CONVERSION = YES;
				CLANG_WARN_OBJC_ROOT_CLASS = YES_ERROR;
				CLANG_WARN_QUOTED_INCLUDE_IN_FRAMEWORK_HEADER = YES;
				CLANG_WARN_RANGE_LOOP_ANALYSIS = YES;
				CLANG_WARN_STRICT_PROTOTYPES = YES;
				CLANG_WARN_SUSPICIOUS_MOVE = YES;
				CLANG_WARN_UNGUARDED_AVAILABILITY = YES_AGGRESSIVE;
				CLANG_WARN_UNREACHABLE_CODE = YES;
				CLANG_WARN__DUPLICATE_METHOD_MATCH = YES;
				COPY_PHASE_STRIP = NO;
				DEBUG_INFORMATION_FORMAT = "dwarf-with-dsym";
				ENABLE_NS_ASSERTIONS = NO;
				ENABLE_STRICT_OBJC_MSGSEND = YES;
				GCC_C_LANGUAGE_STANDARD = gnu11;
				GCC_NO_COMMON_BLOCKS = YES;
				GCC_WARN_64_TO_32_BIT_CONVERSION = YES;
				GCC_WARN_ABOUT_RETURN_TYPE = YES_ERROR;
				GCC_WARN_UNDECLARED_SELECTOR = YES;
				GCC_WARN_UNINITIALIZED_AUTOS = YES_AGGRESSIVE;
				GCC_WARN_UNUSED_FUNCTION = YES;
				GCC_WARN_UNUSED_VARIABLE = YES;
				IPHONEOS_DEPLOYMENT_TARGET = 16.4;
				MTL_ENABLE_DEBUG_INFO = NO;
				MTL_FAST_MATH = YES;
				SDKROOT = iphoneos;
				SWIFT_COMPILATION_MODE = wholemodule;
				SWIFT_OPTIMIZATION_LEVEL = "-O";
				VALIDATE_PRODUCT = YES;
			};
			name = Release;
		};
		BBE2BEC92A31942400564536 /* Debug */ = {
			isa = XCBuildConfiguration;
			buildSettings = {
				ASSETCATALOG_COMPILER_APPICON_NAME = AppIcon;
				ASSETCATALOG_COMPILER_GLOBAL_ACCENT_COLOR_NAME = AccentColor;
				CODE_SIGN_ENTITLEMENTS = "My Favs!/My Favs!.entitlements";
				CODE_SIGN_IDENTITY = "Apple Development";
				CODE_SIGN_STYLE = Automatic;
				CURRENT_PROJECT_VERSION = 1;
				DEVELOPMENT_ASSET_PATHS = "\"My Favs!/Preview Content\"";
				DEVELOPMENT_TEAM = RCX5728F3F;
				ENABLE_PREVIEWS = YES;
				GENERATE_INFOPLIST_FILE = YES;
				INFOPLIST_KEY_LSApplicationCategoryType = "public.app-category.productivity";
				INFOPLIST_KEY_UIApplicationSceneManifest_Generation = YES;
				INFOPLIST_KEY_UIApplicationSupportsIndirectInputEvents = YES;
				INFOPLIST_KEY_UILaunchScreen_Generation = YES;
				INFOPLIST_KEY_UIStatusBarStyle = "";
				INFOPLIST_KEY_UISupportedInterfaceOrientations = UIInterfaceOrientationPortrait;
				INFOPLIST_KEY_UISupportedInterfaceOrientations_iPad = "UIInterfaceOrientationPortrait UIInterfaceOrientationPortraitUpsideDown";
				LD_RUNPATH_SEARCH_PATHS = (
					"$(inherited)",
					"@executable_path/Frameworks",
				);
				MARKETING_VERSION = 1.0;
				PRODUCT_BUNDLE_IDENTIFIER = "Sachi-K.My-Favs-";
				PRODUCT_NAME = "$(TARGET_NAME)";
				PROVISIONING_PROFILE_SPECIFIER = "";
				SUPPORTED_PLATFORMS = "iphoneos iphonesimulator";
				SUPPORTS_MACCATALYST = NO;
				SUPPORTS_MAC_DESIGNED_FOR_IPHONE_IPAD = NO;
				SWIFT_EMIT_LOC_STRINGS = YES;
				SWIFT_VERSION = 5.0;
				TARGETED_DEVICE_FAMILY = "1,2";
			};
			name = Debug;
		};
		BBE2BECA2A31942400564536 /* Release */ = {
			isa = XCBuildConfiguration;
			buildSettings = {
				ASSETCATALOG_COMPILER_APPICON_NAME = AppIcon;
				ASSETCATALOG_COMPILER_GLOBAL_ACCENT_COLOR_NAME = AccentColor;
				CODE_SIGN_ENTITLEMENTS = "My Favs!/My Favs!.entitlements";
				CODE_SIGN_IDENTITY = "Apple Development";
				CODE_SIGN_STYLE = Automatic;
				CURRENT_PROJECT_VERSION = 1;
				DEVELOPMENT_ASSET_PATHS = "\"My Favs!/Preview Content\"";
				DEVELOPMENT_TEAM = RCX5728F3F;
				ENABLE_PREVIEWS = YES;
				GENERATE_INFOPLIST_FILE = YES;
				INFOPLIST_KEY_LSApplicationCategoryType = "public.app-category.productivity";
				INFOPLIST_KEY_UIApplicationSceneManifest_Generation = YES;
				INFOPLIST_KEY_UIApplicationSupportsIndirectInputEvents = YES;
				INFOPLIST_KEY_UILaunchScreen_Generation = YES;
				INFOPLIST_KEY_UIStatusBarStyle = "";
				INFOPLIST_KEY_UISupportedInterfaceOrientations = UIInterfaceOrientationPortrait;
				INFOPLIST_KEY_UISupportedInterfaceOrientations_iPad = "UIInterfaceOrientationPortrait UIInterfaceOrientationPortraitUpsideDown";
				LD_RUNPATH_SEARCH_PATHS = (
					"$(inherited)",
					"@executable_path/Frameworks",
				);
				MARKETING_VERSION = 1.0;
				PRODUCT_BUNDLE_IDENTIFIER = "Sachi-K.My-Favs-";
				PRODUCT_NAME = "$(TARGET_NAME)";
				PROVISIONING_PROFILE_SPECIFIER = "";
				SUPPORTED_PLATFORMS = "iphoneos iphonesimulator";
				SUPPORTS_MACCATALYST = NO;
				SUPPORTS_MAC_DESIGNED_FOR_IPHONE_IPAD = NO;
				SWIFT_EMIT_LOC_STRINGS = YES;
				SWIFT_VERSION = 5.0;
				TARGETED_DEVICE_FAMILY = "1,2";
			};
			name = Release;
		};
/* End XCBuildConfiguration section */

/* Begin XCConfigurationList section */
		BBE2BEB02A31942300564536 /* Build configuration list for PBXProject "My Favs!" */ = {
			isa = XCConfigurationList;
			buildConfigurations = (
				BBE2BEC62A31942400564536 /* Debug */,
				BBE2BEC72A31942400564536 /* Release */,
			);
			defaultConfigurationIsVisible = 0;
			defaultConfigurationName = Release;
		};
		BBE2BEC82A31942400564536 /* Build configuration list for PBXNativeTarget "My Favs!" */ = {
			isa = XCConfigurationList;
			buildConfigurations = (
				BBE2BEC92A31942400564536 /* Debug */,
				BBE2BECA2A31942400564536 /* Release */,
			);
			defaultConfigurationIsVisible = 0;
			defaultConfigurationName = Release;
		};
/* End XCConfigurationList section */

/* Begin XCRemoteSwiftPackageReference section */
		BBEC0BCC2A9D8FCC00566F04 /* XCRemoteSwiftPackageReference "SQLite" */ = {
			isa = XCRemoteSwiftPackageReference;
			repositoryURL = "https://github.com/stephencelis/SQLite.swift?source=post_page-----c5baefc04334--------------------------------";
			requirement = {
				kind = upToNextMajorVersion;
				minimumVersion = 0.14.1;
			};
		};
/* End XCRemoteSwiftPackageReference section */

/* Begin XCSwiftPackageProductDependency section */
		BBEC0BCD2A9D8FCC00566F04 /* SQLite */ = {
			isa = XCSwiftPackageProductDependency;
			package = BBEC0BCC2A9D8FCC00566F04 /* XCRemoteSwiftPackageReference "SQLite" */;
			productName = SQLite;
		};
/* End XCSwiftPackageProductDependency section */

/* Begin XCVersionGroup section */
		BBE2BEC32A31942400564536 /* My_Favs_.xcdatamodeld */ = {
			isa = XCVersionGroup;
			children = (
				BBE2BEC42A31942400564536 /* My_Fevs_.xcdatamodel */,
			);
			currentVersion = BBE2BEC42A31942400564536 /* My_Fevs_.xcdatamodel */;
			path = My_Favs_.xcdatamodeld;
			sourceTree = "<group>";
			versionGroupType = wrapper.xcdatamodel;
		};
/* End XCVersionGroup section */
	};
	rootObject = BBE2BEAD2A31942300564536 /* Project object */;
}
